
Microsoft Visual Studio Solution File, Format Version 12.00
# Visual Studio 15
VisualStudioVersion = 15.0.28307.102
MinimumVisualStudioVersion = 10.0.40219.1
Project("{FAE04EC0-301F-11D3-BF4B-00C04F79EFBC}") = "CellularAutomata1D", "CellularAutomata1D\CellularAutomata1D.csproj", "{A582FDF2-A9D5-416E-8B7C-18B1D862199D}"
EndProject
Global
	GlobalSection(SolutionConfigurationPlatforms) = preSolution
		Debug|Any CPU = Debug|Any CPU
		Release|Any CPU = Release|Any CPU
	EndGlobalSection
	GlobalSection(ProjectConfigurationPlatforms) = postSolution
		{A582FDF2-A9D5-416E-8B7C-18B1D862199D}.Debug|Any CPU.ActiveCfg = Debug|Any CPU
		{A582FDF2-A9D5-416E-8B7C-18B1D862199D}.Debug|Any CPU.Build.0 = Debug|Any CPU
		{A582FDF2-A9D5-416E-8B7C-18B1D862199D}.Release|Any CPU.ActiveCfg = Release|Any CPU
		{A582FDF2-A9D5-416E-8B7C-18B1D862199D}.Release|Any CPU.Build.0 = Release|Any CPU
	EndGlobalSection
	GlobalSection(SolutionProperties) = preSolution
		HideSolutionNode = FALSE
	EndGlobalSection
	GlobalSection(ExtensibilityGlobals) = postSolution
		SolutionGuid = {7E084DF2-DFC3-4749-A657-CF567A241BE8}
	EndGlobalSection
EndGlobal
